<?xml version="1.0" encoding="utf-8"?>
<Project ToolsVersion="17.0" xmlns="http://schemas.microsoft.com/developer/msbuild/2003">
  <ItemGroup>
    <CustomBuild Include="H:\repos\Robotics\flutter\control_board\windows\CMakeFiles\96cad71a936df98ecd56487e06663d8a\flutter_windows.dll.rule">
      <Filter>CMake Rules</Filter>
    </CustomBuild>
    <CustomBuild Include="H:\repos\Robotics\flutter\control_board\windows\CMakeFiles\4fa4d768434c0f0910bb39b58c5dfc11\flutter_assemble.rule">
      <Filter>CMake Rules</Filter>
    </CustomBuild>
    <CustomBuild Include="H:\repos\Robotics\flutter\control_board\windows\flutter\CMakeLists.txt" />
  </ItemGroup>
  <ItemGroup>
    <None Include="H:\repos\Robotics\flutter\control_board\windows\flutter\CMakeFiles\flutter_assemble" />
  </ItemGroup>
  <ItemGroup>
    <Filter Include="CMake Rules">
      <UniqueIdentifier>{FAA38348-1D53-364D-BA8C-D21B52C81D80}</UniqueIdentifier>
    </Filter>
  </ItemGroup>
</Project>
